lockVersion: 2.0.0
id: caf7c544-62b7-44aa-b855-63bc279fd8bc
management:
  docChecksum: 8ecc10127cd4d51cceddbc01756b40f4
  docVersion: 0.0.1
  speakeasyVersion: internal
  generationVersion: 2.234.3
  releaseVersion: 0.10.3
  configChecksum: 21c09d0a98393b073b109677e3b45687
  repoURL: https://github.com/speakeasy-sdks/terraform-provider-vercel.git
  repoSubDirectory: .
  published: true
features:
  terraform:
    constsAndDefaults: 0.1.2
    core: 3.8.4
    deprecations: 2.81.1
    globalSecurity: 2.81.2
    globalServerURLs: 2.82.1
    unions: 2.81.7
generatedFiles:
  - internal/sdk/authentication.go
  - internal/sdk/projects.go
  - internal/sdk/checks.go
  - internal/sdk/dns.go
  - internal/sdk/edgeconfig.go
  - internal/sdk/integrations.go
  - internal/sdk/logdrains.go
  - internal/sdk/projectmembers.go
  - internal/sdk/teams.go
  - internal/sdk/user.go
  - internal/sdk/deployments.go
  - internal/sdk/aliases.go
  - internal/sdk/secrets.go
  - internal/sdk/domains.go
  - internal/sdk/certs.go
  - internal/sdk/artifacts.go
  - internal/sdk/sdk.go
  - examples/README.md
  - go.mod
  - go.sum
  - internal/planmodifiers/boolplanmodifier/suppress_diff.go
  - internal/planmodifiers/float64planmodifier/suppress_diff.go
  - internal/planmodifiers/int64planmodifier/suppress_diff.go
  - internal/planmodifiers/listplanmodifier/suppress_diff.go
  - internal/planmodifiers/mapplanmodifier/suppress_diff.go
  - internal/planmodifiers/numberplanmodifier/suppress_diff.go
  - internal/planmodifiers/objectplanmodifier/suppress_diff.go
  - internal/planmodifiers/setplanmodifier/suppress_diff.go
  - internal/planmodifiers/stringplanmodifier/suppress_diff.go
  - internal/planmodifiers/utils/state_check.go
  - internal/provider/reflect/diags.go
  - internal/provider/reflect/doc.go
  - internal/provider/reflect/generic_attr_value.go
  - internal/provider/reflect/helpers.go
  - internal/provider/reflect/interfaces.go
  - internal/provider/reflect/into.go
  - internal/provider/reflect/map.go
  - internal/provider/reflect/number.go
  - internal/provider/reflect/options.go
  - internal/provider/reflect/outof.go
  - internal/provider/reflect/pointer.go
  - internal/provider/reflect/primitive.go
  - internal/provider/reflect/slice.go
  - internal/provider/reflect/struct.go
  - internal/provider/utils.go
  - internal/sdk/pkg/models/sdkerrors/sdkerror.go
  - internal/sdk/pkg/types/bigint.go
  - internal/sdk/pkg/types/date.go
  - internal/sdk/pkg/types/datetime.go
  - internal/sdk/pkg/types/decimal.go
  - internal/sdk/pkg/types/pointers.go
  - internal/sdk/pkg/utils/contenttype.go
  - internal/sdk/pkg/utils/form.go
  - internal/sdk/pkg/utils/headers.go
  - internal/sdk/pkg/utils/json.go
  - internal/sdk/pkg/utils/pathparams.go
  - internal/sdk/pkg/utils/queryparams.go
  - internal/sdk/pkg/utils/requestbody.go
  - internal/sdk/pkg/utils/retries.go
  - internal/sdk/pkg/utils/security.go
  - internal/sdk/pkg/utils/utils.go
  - internal/validators/DateValidator.go
  - internal/validators/ExactlyOneChild.go
  - internal/validators/JSONParseValidator.go
  - internal/validators/RFC3339Validator.go
  - internal/validators/boolvalidators/not_null.go
  - internal/validators/float64validators/not_null.go
  - internal/validators/int64validators/not_null.go
  - internal/validators/listvalidators/not_null.go
  - internal/validators/mapvalidators/not_null.go
  - internal/validators/numbervalidators/not_null.go
  - internal/validators/objectvalidators/not_null.go
  - internal/validators/setvalidators/not_null.go
  - internal/validators/stringvalidators/not_null.go
  - main.go
  - terraform-registry-manifest.json
  - tools/tools.go
  - internal/sdk/pkg/models/operations/deletedatacachepurgeall.go
  - internal/sdk/pkg/models/operations/getdeploymentsdeploymentidbuilds.go
  - internal/sdk/pkg/models/operations/patchdatacachebillingsettings.go
  - internal/sdk/pkg/models/operations/createauthtoken.go
  - internal/sdk/pkg/models/operations/deleteauthtoken.go
  - internal/sdk/pkg/models/operations/emaillogin.go
  - internal/sdk/pkg/models/operations/getauthtoken.go
  - internal/sdk/pkg/models/operations/listauthtokens.go
  - internal/sdk/pkg/models/operations/verifytoken.go
  - internal/sdk/pkg/models/operations/addprojectdomain.go
  - internal/sdk/pkg/models/operations/createproject.go
  - internal/sdk/pkg/models/operations/createprojectenv.go
  - internal/sdk/pkg/models/operations/deleteproject.go
  - internal/sdk/pkg/models/operations/editprojectenv.go
  - internal/sdk/pkg/models/operations/filterprojectenvs.go
  - internal/sdk/pkg/models/operations/getprojectdomain.go
  - internal/sdk/pkg/models/operations/getprojectenv.go
  - internal/sdk/pkg/models/operations/getprojects.go
  - internal/sdk/pkg/models/operations/removeprojectdomain.go
  - internal/sdk/pkg/models/operations/removeprojectenv.go
  - internal/sdk/pkg/models/operations/updateproject.go
  - internal/sdk/pkg/models/operations/updateprojectdatacache.go
  - internal/sdk/pkg/models/operations/updateprojectdomain.go
  - internal/sdk/pkg/models/operations/verifyprojectdomain.go
  - internal/sdk/pkg/models/operations/createcheck.go
  - internal/sdk/pkg/models/operations/getallchecks.go
  - internal/sdk/pkg/models/operations/getcheck.go
  - internal/sdk/pkg/models/operations/rerequestcheck.go
  - internal/sdk/pkg/models/operations/updatecheck.go
  - internal/sdk/pkg/models/operations/createrecord.go
  - internal/sdk/pkg/models/operations/getrecords.go
  - internal/sdk/pkg/models/operations/removerecord.go
  - internal/sdk/pkg/models/operations/updaterecord.go
  - internal/sdk/pkg/models/operations/createedgeconfig.go
  - internal/sdk/pkg/models/operations/createedgeconfigtoken.go
  - internal/sdk/pkg/models/operations/deleteedgeconfig.go
  - internal/sdk/pkg/models/operations/deleteedgeconfigtokens.go
  - internal/sdk/pkg/models/operations/getedgeconfig.go
  - internal/sdk/pkg/models/operations/getedgeconfigitem.go
  - internal/sdk/pkg/models/operations/getedgeconfigitems.go
  - internal/sdk/pkg/models/operations/getedgeconfigtoken.go
  - internal/sdk/pkg/models/operations/getedgeconfigtokens.go
  - internal/sdk/pkg/models/operations/getedgeconfigs.go
  - internal/sdk/pkg/models/operations/patchtedgeconfigitems.go
  - internal/sdk/pkg/models/operations/updateedgeconfig.go
  - internal/sdk/pkg/models/operations/deleteconfiguration.go
  - internal/sdk/pkg/models/operations/getconfiguration.go
  - internal/sdk/pkg/models/operations/getconfigurations.go
  - internal/sdk/pkg/models/operations/gitnamespaces.go
  - internal/sdk/pkg/models/operations/createconfigurablelogdrain.go
  - internal/sdk/pkg/models/operations/createlogdrain.go
  - internal/sdk/pkg/models/operations/deleteconfigurablelogdrain.go
  - internal/sdk/pkg/models/operations/deleteintegrationlogdrain.go
  - internal/sdk/pkg/models/operations/getconfigurablelogdrain.go
  - internal/sdk/pkg/models/operations/getconfigurablelogdrains.go
  - internal/sdk/pkg/models/operations/getintegrationlogdrains.go
  - internal/sdk/pkg/models/operations/addprojectmember.go
  - internal/sdk/pkg/models/operations/getprojectmembers.go
  - internal/sdk/pkg/models/operations/removeprojectmember.go
  - internal/sdk/pkg/models/operations/createteam.go
  - internal/sdk/pkg/models/operations/deleteteam.go
  - internal/sdk/pkg/models/operations/deleteteaminvitecode.go
  - internal/sdk/pkg/models/operations/getteam.go
  - internal/sdk/pkg/models/operations/getteamaccessrequest.go
  - internal/sdk/pkg/models/operations/getteammembers.go
  - internal/sdk/pkg/models/operations/getteams.go
  - internal/sdk/pkg/models/operations/inviteusertoteam.go
  - internal/sdk/pkg/models/operations/jointeam.go
  - internal/sdk/pkg/models/operations/patchteam.go
  - internal/sdk/pkg/models/operations/removeteammember.go
  - internal/sdk/pkg/models/operations/requestaccesstoteam.go
  - internal/sdk/pkg/models/operations/updateteammember.go
  - internal/sdk/pkg/models/operations/getauthuser.go
  - internal/sdk/pkg/models/operations/listuserevents.go
  - internal/sdk/pkg/models/operations/requestdelete.go
  - internal/sdk/pkg/models/operations/canceldeployment.go
  - internal/sdk/pkg/models/operations/createdeployment.go
  - internal/sdk/pkg/models/operations/getdeployment.go
  - internal/sdk/pkg/models/operations/getdeploymentevents.go
  - internal/sdk/pkg/models/operations/getdeploymentfilecontents.go
  - internal/sdk/pkg/models/operations/getdeployments.go
  - internal/sdk/pkg/models/operations/listdeploymentfiles.go
  - internal/sdk/pkg/models/operations/uploadfile.go
  - internal/sdk/pkg/models/operations/assignalias.go
  - internal/sdk/pkg/models/operations/deletealias.go
  - internal/sdk/pkg/models/operations/getalias.go
  - internal/sdk/pkg/models/operations/listdeploymentaliases.go
  - internal/sdk/pkg/models/operations/deletesecret.go
  - internal/sdk/pkg/models/operations/getsecret.go
  - internal/sdk/pkg/models/operations/getsecrets.go
  - internal/sdk/pkg/models/operations/buydomain.go
  - internal/sdk/pkg/models/operations/checkdomainprice.go
  - internal/sdk/pkg/models/operations/checkdomainstatus.go
  - internal/sdk/pkg/models/operations/createortransferdomain.go
  - internal/sdk/pkg/models/operations/deletedomain.go
  - internal/sdk/pkg/models/operations/getdomain.go
  - internal/sdk/pkg/models/operations/getdomainconfig.go
  - internal/sdk/pkg/models/operations/getdomains.go
  - internal/sdk/pkg/models/operations/getcertbyid.go
  - internal/sdk/pkg/models/operations/issuecert.go
  - internal/sdk/pkg/models/operations/removecert.go
  - internal/sdk/pkg/models/operations/uploadcert.go
  - internal/sdk/pkg/models/operations/artifactexists.go
  - internal/sdk/pkg/models/operations/artifactquery.go
  - internal/sdk/pkg/models/operations/downloadartifact.go
  - internal/sdk/pkg/models/operations/recordevents.go
  - internal/sdk/pkg/models/operations/status.go
  - internal/sdk/pkg/models/operations/uploadartifact.go
  - internal/sdk/pkg/models/shared/authtoken.go
  - internal/sdk/pkg/models/shared/pagination.go
  - internal/sdk/pkg/models/shared/aclaction.go
  - internal/sdk/pkg/models/shared/edgeconfigitem.go
  - internal/sdk/pkg/models/shared/edgeconfigitemvalue.go
  - internal/sdk/pkg/models/shared/edgeconfigtoken.go
  - internal/sdk/pkg/models/shared/team.go
  - internal/sdk/pkg/models/shared/teamlimited.go
  - internal/sdk/pkg/models/shared/authuser.go
  - internal/sdk/pkg/models/shared/authuserlimited.go
  - internal/sdk/pkg/models/shared/userevent.go
  - internal/sdk/pkg/models/shared/filetree.go
  - internal/sdk/pkg/models/shared/security.go
  - USAGE.md
  - internal/provider/provider.go
  - examples/provider/provider.tf
  - internal/sdk/pkg/models/operations/options.go
  - .gitattributes
