lockVersion: 2.0.0
id: caf7c544-62b7-44aa-b855-63bc279fd8bc
management:
  docChecksum: 6f61302218efade9107589313c174bd6
  docVersion: 0.0.1
  speakeasyVersion: 1.300.1
  generationVersion: 2.339.1
  releaseVersion: 0.14.0
  configChecksum: ec253fd1e0a0f1e69950ec7f18205fa3
  repoURL: https://github.com/speakeasy-sdks/terraform-provider-vercel.git
  repoSubDirectory: .
  published: true
features:
  terraform:
    additionalDependencies: 0.1.0
    constsAndDefaults: 0.1.4
    core: 3.21.2
    deprecations: 2.81.1
    enums: 2.81.2
    globalSecurity: 2.81.6
    globalServerURLs: 2.82.1
    nameOverrides: 2.81.2
    nullables: 0.0.0
    serverIDs: 2.81.1
    typeOverrides: 2.81.1
    unions: 2.81.14
generatedFiles:
  - internal\sdk\authentication.go
  - internal\sdk\projects.go
  - internal\sdk\checks.go
  - internal\sdk\dns.go
  - internal\sdk\domains.go
  - internal\sdk\edgeconfig.go
  - internal\sdk\integrations.go
  - internal\sdk\logdrains.go
  - internal\sdk\projectmembers.go
  - internal\sdk\teams.go
  - internal\sdk\user.go
  - internal\sdk\webhooks.go
  - internal\sdk\deployments.go
  - internal\sdk\aliases.go
  - internal\sdk\secrets.go
  - internal\sdk\certs.go
  - internal\sdk\artifacts.go
  - internal\sdk\vercel.go
  - internal\sdk\models\errors\sdkerror.go
  - internal\sdk\types\bigint.go
  - internal\sdk\types\date.go
  - internal\sdk\types\datetime.go
  - internal\sdk\types\decimal.go
  - internal\sdk\types\pointers.go
  - internal\sdk\internal\utils\contenttype.go
  - internal\sdk\internal\utils\form.go
  - internal\sdk\internal\utils\headers.go
  - internal\sdk\internal\utils\json.go
  - internal\sdk\internal\utils\pathparams.go
  - internal\sdk\internal\utils\queryparams.go
  - internal\sdk\internal\utils\requestbody.go
  - internal\sdk\internal\utils\retries.go
  - internal\sdk\internal\utils\security.go
  - internal\sdk\internal\utils\utils.go
  - internal\sdk\models\operations\getdeploymentbuilds.go
  - internal\sdk\models\operations\purgedatacache.go
  - internal\sdk\models\operations\updatebillingsettings.go
  - internal\sdk\models\operations\createauthtoken.go
  - internal\sdk\models\operations\deleteauthtoken.go
  - internal\sdk\models\operations\emaillogin.go
  - internal\sdk\models\operations\getauthtoken.go
  - internal\sdk\models\operations\listauthtokens.go
  - internal\sdk\models\operations\verifytoken.go
  - internal\sdk\models\operations\addprojectdomain.go
  - internal\sdk\models\operations\createproject.go
  - internal\sdk\models\operations\createprojectenv.go
  - internal\sdk\models\operations\deleteproject.go
  - internal\sdk\models\operations\editprojectenv.go
  - internal\sdk\models\operations\filterprojectenvs.go
  - internal\sdk\models\operations\getprojects.go
  - internal\sdk\models\operations\getprojectdomain.go
  - internal\sdk\models\operations\getprojectenv.go
  - internal\sdk\models\operations\geteequestpromotealiases.go
  - internal\sdk\models\operations\pauseproject.go
  - internal\sdk\models\operations\removeprojectdomain.go
  - internal\sdk\models\operations\removeprojectenv.go
  - internal\sdk\models\operations\requestpromote.go
  - internal\sdk\models\operations\unpauseproject.go
  - internal\sdk\models\operations\updateproject.go
  - internal\sdk\models\operations\updateprojectdomain.go
  - internal\sdk\models\operations\updateprojectdatacache.go
  - internal\sdk\models\operations\verifyprojectdomain.go
  - internal\sdk\models\operations\createcheck.go
  - internal\sdk\models\operations\getcheck.go
  - internal\sdk\models\operations\getallchecks.go
  - internal\sdk\models\operations\rerequestcheck.go
  - internal\sdk\models\operations\updatecheck.go
  - internal\sdk\models\operations\createrecord.go
  - internal\sdk\models\operations\getrecords.go
  - internal\sdk\models\operations\removerecord.go
  - internal\sdk\models\operations\updaterecord.go
  - internal\sdk\models\operations\buydomain.go
  - internal\sdk\models\operations\checkdomainprice.go
  - internal\sdk\models\operations\checkdomainstatus.go
  - internal\sdk\models\operations\createortransferdomain.go
  - internal\sdk\models\operations\deletedomain.go
  - internal\sdk\models\operations\getdomainconfig.go
  - internal\sdk\models\operations\getdomain.go
  - internal\sdk\models\operations\getdomaintransfer.go
  - internal\sdk\models\operations\getdomains.go
  - internal\sdk\models\operations\patchdomain.go
  - internal\sdk\models\operations\createedgeconfig.go
  - internal\sdk\models\operations\createedgeconfigtoken.go
  - internal\sdk\models\operations\deleteedgeconfig.go
  - internal\sdk\models\operations\deleteedgeconfigschema.go
  - internal\sdk\models\operations\deletetokens.go
  - internal\sdk\models\operations\getedgeconfig.go
  - internal\sdk\models\operations\getedgeconfigitem.go
  - internal\sdk\models\operations\getedgeconfigschema.go
  - internal\sdk\models\operations\getedgeconfigtoken.go
  - internal\sdk\models\operations\getedgeconfigs.go
  - internal\sdk\models\operations\getedgeconfigitems.go
  - internal\sdk\models\operations\getedgeconfigtokens.go
  - internal\sdk\models\operations\updateedgeconfig.go
  - internal\sdk\models\operations\patchedgeconfigschema.go
  - internal\sdk\models\operations\deleteconfiguration.go
  - internal\sdk\models\operations\getconfiguration.go
  - internal\sdk\models\operations\getconfigurations.go
  - internal\sdk\models\operations\gitnamespaces.go
  - internal\sdk\models\operations\listgitrepos.go
  - internal\sdk\models\operations\createlogdrain.go
  - internal\sdk\models\operations\createconfigurablelogdrain.go
  - internal\sdk\models\operations\deleteintegrationlogdrain.go
  - internal\sdk\models\operations\deleteconfigurablelogdrain.go
  - internal\sdk\models\operations\getconfigurablelogdrain.go
  - internal\sdk\models\operations\getintegrationlogdrains.go
  - internal\sdk\models\operations\getalllogdrains.go
  - internal\sdk\models\operations\addprojectmember.go
  - internal\sdk\models\operations\removeprojectmember.go
  - internal\sdk\models\operations\getprojectmembers.go
  - internal\sdk\models\operations\createteam.go
  - internal\sdk\models\operations\deleteteam.go
  - internal\sdk\models\operations\deleteteaminvitecode.go
  - internal\sdk\models\operations\getteam.go
  - internal\sdk\models\operations\getteamaccessrequest.go
  - internal\sdk\models\operations\inviteusertoteam.go
  - internal\sdk\models\operations\jointeam.go
  - internal\sdk\models\operations\getteams.go
  - internal\sdk\models\operations\getteammembers.go
  - internal\sdk\models\operations\removeteammember.go
  - internal\sdk\models\operations\requestaccesstoteam.go
  - internal\sdk\models\operations\patchteam.go
  - internal\sdk\models\operations\updateteammember.go
  - internal\sdk\models\operations\getauthuser.go
  - internal\sdk\models\operations\listuserevent.go
  - internal\sdk\models\operations\requestdelete.go
  - internal\sdk\models\operations\createwebhook.go
  - internal\sdk\models\operations\deletewebhook.go
  - internal\sdk\models\operations\getwebhook.go
  - internal\sdk\models\operations\getwebhooks.go
  - internal\sdk\models\operations\canceldeployment.go
  - internal\sdk\models\operations\createdeployment.go
  - internal\sdk\models\operations\deletedeployment.go
  - internal\sdk\models\operations\getdeployment.go
  - internal\sdk\models\operations\getdeploymentevents.go
  - internal\sdk\models\operations\getdeploymentfilecontents.go
  - internal\sdk\models\operations\getdeployments.go
  - internal\sdk\models\operations\listdeploymentfiles.go
  - internal\sdk\models\operations\uploadfile.go
  - internal\sdk\models\operations\assignalias.go
  - internal\sdk\models\operations\deletealias.go
  - internal\sdk\models\operations\getalias.go
  - internal\sdk\models\operations\listaliases.go
  - internal\sdk\models\operations\listdeploymentaliases.go
  - internal\sdk\models\operations\createsecret.go
  - internal\sdk\models\operations\deletesecret.go
  - internal\sdk\models\operations\getsecret.go
  - internal\sdk\models\operations\getsecrets.go
  - internal\sdk\models\operations\renamesecret.go
  - internal\sdk\models\operations\getcertbyid.go
  - internal\sdk\models\operations\issuecert.go
  - internal\sdk\models\operations\removecert.go
  - internal\sdk\models\operations\uploadcert.go
  - internal\sdk\models\operations\downloadartifact.go
  - internal\sdk\models\operations\artifactexists.go
  - internal\sdk\models\operations\artifactquery.go
  - internal\sdk\models\operations\recordevents.go
  - internal\sdk\models\operations\status.go
  - internal\sdk\models\operations\uploadartifact.go
  - internal\sdk\models\shared\authtoken.go
  - internal\sdk\models\shared\pagination.go
  - internal\sdk\models\shared\aclaction.go
  - internal\sdk\models\shared\edgeconfigtoken.go
  - internal\sdk\models\shared\team.go
  - internal\sdk\models\shared\teamlimited.go
  - internal\sdk\models\shared\authuser.go
  - internal\sdk\models\shared\authuserlimited.go
  - internal\sdk\models\shared\userevent.go
  - internal\sdk\models\shared\filetree.go
  - internal\sdk\models\shared\security.go
  - internal\sdk\.gitignore
  - internal\sdk\models\operations\options.go
  - internal\sdk\.gitattributes
  - internal\sdk\internal\hooks\hooks.go
  - examples/README.md
  - go.mod
  - go.sum
  - internal/planmodifiers/boolplanmodifier/suppress_diff.go
  - internal/planmodifiers/float64planmodifier/suppress_diff.go
  - internal/planmodifiers/int64planmodifier/suppress_diff.go
  - internal/planmodifiers/listplanmodifier/suppress_diff.go
  - internal/planmodifiers/mapplanmodifier/suppress_diff.go
  - internal/planmodifiers/numberplanmodifier/suppress_diff.go
  - internal/planmodifiers/objectplanmodifier/suppress_diff.go
  - internal/planmodifiers/setplanmodifier/suppress_diff.go
  - internal/planmodifiers/stringplanmodifier/suppress_diff.go
  - internal/planmodifiers/utils/state_check.go
  - internal/provider/reflect/diags.go
  - internal/provider/reflect/doc.go
  - internal/provider/reflect/generic_attr_value.go
  - internal/provider/reflect/helpers.go
  - internal/provider/reflect/interfaces.go
  - internal/provider/reflect/into.go
  - internal/provider/reflect/map.go
  - internal/provider/reflect/number.go
  - internal/provider/reflect/options.go
  - internal/provider/reflect/outof.go
  - internal/provider/reflect/pointer.go
  - internal/provider/reflect/primitive.go
  - internal/provider/reflect/slice.go
  - internal/provider/reflect/struct.go
  - internal/provider/utils.go
  - internal/validators/DateValidator.go
  - internal/validators/ExactlyOneChild.go
  - internal/validators/JSONParseValidator.go
  - internal/validators/RFC3339Validator.go
  - internal/validators/boolvalidators/not_null.go
  - internal/validators/float64validators/not_null.go
  - internal/validators/int64validators/not_null.go
  - internal/validators/listvalidators/not_null.go
  - internal/validators/mapvalidators/not_null.go
  - internal/validators/numbervalidators/not_null.go
  - internal/validators/objectvalidators/not_null.go
  - internal/validators/setvalidators/not_null.go
  - internal/validators/stringvalidators/not_null.go
  - main.go
  - terraform-registry-manifest.json
  - tools/tools.go
  - internal/provider/types/create_deployment_alias_assigned_at.go
  - internal/provider/types/create_deployment_alias_error.go
  - internal/provider/types/create_deployment_alias_warning.go
  - internal/provider/types/create_deployment_build.go
  - internal/provider/types/create_deployment_creator.go
  - internal/provider/types/create_deployment_crons.go
  - internal/provider/types/inlined_file.go
  - internal/provider/types/uploaded_file.go
  - internal/provider/types/files.go
  - internal/provider/types/create_deployment_functions.go
  - internal/provider/types/git_metadata.go
  - internal/provider/types/create_deployment1.go
  - internal/provider/types/create_deployment2.go
  - internal/provider/types/create_deployment3.go
  - internal/provider/types/create_deployment_git_repo.go
  - internal/provider/types/repo_id.go
  - internal/provider/types/one.go
  - internal/provider/types/two.go
  - internal/provider/types/three.go
  - internal/provider/types/four.go
  - internal/provider/types/five.go
  - internal/provider/types/create_deployment6.go
  - internal/provider/types/create_deployment7.go
  - internal/provider/types/create_deployment8.go
  - internal/provider/types/create_deployment9.go
  - internal/provider/types/git_source.go
  - internal/provider/types/create_deployment_output.go
  - internal/provider/types/create_deployment_lambdas.go
  - internal/provider/types/get_deployment_deployments_response1.go
  - internal/provider/types/get_deployment_deployments_response2.go
  - internal/provider/types/get_deployment_deployments3.go
  - internal/provider/types/get_deployment4.go
  - internal/provider/types/get_deployment5.go
  - internal/provider/types/get_deployment_git_source.go
  - internal/provider/types/get_deployment_project.go
  - internal/provider/types/get_deployment_deployments_response200_application_json_response_body11.go
  - internal/provider/types/get_deployment_deployments_response200_application_json_response_body12.go
  - internal/provider/types/get_deployment_has.go
  - internal/provider/types/get_deployment_locale.go
  - internal/provider/types/get_deployment_deployments_response2001.go
  - internal/provider/types/get_deployment_deployments_response2002.go
  - internal/provider/types/get_deployment_deployments_response3.go
  - internal/provider/types/get_deployment_routes.go
  - internal/provider/types/get_deployment_team.go
  - internal/provider/types/get_deployment1.go
  - internal/provider/types/project_settings.go
  - internal/provider/types/get_deployment2.go
  - internal/provider/types/eight.go
  - internal/provider/types/create_record5.go
  - internal/provider/types/create_record1.go
  - internal/provider/types/create_record_srv.go
  - internal/provider/types/seven.go
  - internal/provider/types/six.go
  - internal/provider/types/create_record_https.go
  - internal/provider/types/ten.go
  - internal/provider/types/create_record2.go
  - internal/provider/types/schema.go
  - internal/provider/types/transfer.go
  - internal/provider/types/add_project_member1.go
  - internal/provider/types/add_project_member3.go
  - internal/provider/types/add_project_member2.go
  - internal/provider/types/analytics.go
  - internal/provider/types/definitions.go
  - internal/provider/types/create_project_crons.go
  - internal/provider/types/data_cache.go
  - internal/provider/types/create_project_projects_response2001.go
  - internal/provider/types/create_project10.go
  - internal/provider/types/create_project11.go
  - internal/provider/types/create_project12.go
  - internal/provider/types/create_project13.go
  - internal/provider/types/create_project14.go
  - internal/provider/types/create_project_projects_response2002.go
  - internal/provider/types/create_project_projects3.go
  - internal/provider/types/create_project4.go
  - internal/provider/types/create_project5.go
  - internal/provider/types/create_project6.go
  - internal/provider/types/create_project7.go
  - internal/provider/types/create_project8.go
  - internal/provider/types/create_project9.go
  - internal/provider/types/create_project_content_hint.go
  - internal/provider/types/create_project_internal_content_hint.go
  - internal/provider/types/create_project_projects_target.go
  - internal/provider/types/env.go
  - internal/provider/types/create_project_target.go
  - internal/provider/types/environment_variables.go
  - internal/provider/types/git_comments.go
  - internal/provider/types/git_repository.go
  - internal/provider/types/last_alias_request.go
  - internal/provider/types/create_project_builds.go
  - internal/provider/types/create_project_creator.go
  - internal/provider/types/oidc_token_claims.go
  - internal/provider/types/latest_deployments.go
  - internal/provider/types/deploy_hooks.go
  - internal/provider/types/create_project_projects1.go
  - internal/provider/types/create_project_projects2.go
  - internal/provider/types/create_project3.go
  - internal/provider/types/link.go
  - internal/provider/types/oidc_token_config.go
  - internal/provider/types/create_project_paths.go
  - internal/provider/types/create_project_options_allowlist.go
  - internal/provider/types/permissions.go
  - internal/provider/types/create_project_protection_bypass.go
  - internal/provider/types/create_project_projects_response200_application_json_response_body_security2.go
  - internal/provider/types/create_project_projects_value.go
  - internal/provider/types/create_project_has.go
  - internal/provider/types/erl.go
  - internal/provider/types/mitigate.go
  - internal/provider/types/firewall_routes.go
  - internal/provider/types/security.go
  - internal/provider/types/speed_insights.go
  - internal/provider/types/create_project_sso_protection.go
  - internal/provider/types/create_project_addresses.go
  - internal/provider/types/create_project_projects_response1.go
  - internal/provider/types/create_project_projects_response2.go
  - internal/provider/types/create_project_trusted_ips.go
  - internal/provider/types/web_analytics.go
  - internal/provider/types/utm.go
  - internal/provider/types/attribution.go
  - internal/provider/types/address.go
  - internal/provider/types/contract.go
  - internal/provider/types/controls.go
  - internal/provider/types/create_team_teams_response200_application_json_response_body_billing_invoice_items_analytics_frequency.go
  - internal/provider/types/create_team_analytics.go
  - internal/provider/types/matrix.go
  - internal/provider/types/analytics_usage.go
  - internal/provider/types/invoice_items.go
  - internal/provider/types/invoice_settings.go
  - internal/provider/types/coupon.go
  - internal/provider/types/discount.go
  - internal/provider/types/frequency.go
  - internal/provider/types/items.go
  - internal/provider/types/subscriptions.go
  - internal/provider/types/tax.go
  - internal/provider/types/billing.go
  - internal/provider/types/reasons.go
  - internal/provider/types/active_dashboard_views.go
  - internal/provider/types/data_cache1.go
  - internal/provider/types/dismissals.go
  - internal/provider/types/dismissed_toasts.go
  - internal/provider/types/auth_user1.go
  - internal/provider/types/auth_user2.go
  - internal/provider/types/favorite_projects_and_spaces.go
  - internal/provider/types/web_analytics1.go
  - internal/provider/types/feature_blocks.go
  - internal/provider/types/migration.go
  - internal/provider/types/northstar.go
  - internal/provider/types/northstar_migration.go
  - internal/provider/types/preferred_scopes_and_git_namespaces.go
  - internal/provider/types/remote_caching.go
  - internal/provider/types/resource_config.go
  - internal/provider/types/soft_block.go
  - internal/provider/types/auth_user.go
  - internal/provider/types/auth_user_limited.go
  - internal/provider/types/user.go
  - USAGE.md
  - internal/provider/provider.go
  - examples/provider/provider.tf
  - examples/resources/vercel_deployment/import.sh
  - internal/provider/deployment_resource.go
  - internal/provider/deployment_resource_sdk.go
  - examples/resources/vercel_deployment/resource.tf
  - internal/provider/dns_resource.go
  - internal/provider/dns_resource_sdk.go
  - examples/resources/vercel_dns/resource.tf
  - examples/resources/vercel_edge_config/import.sh
  - internal/provider/edgeconfig_resource.go
  - internal/provider/edgeconfig_resource_sdk.go
  - examples/resources/vercel_edge_config/resource.tf
  - examples/resources/vercel_edge_config_schema/import.sh
  - internal/provider/edgeconfigschema_resource.go
  - internal/provider/edgeconfigschema_resource_sdk.go
  - examples/resources/vercel_edge_config_schema/resource.tf
  - internal/provider/member_resource.go
  - internal/provider/member_resource_sdk.go
  - examples/resources/vercel_member/resource.tf
  - internal/provider/project_resource.go
  - internal/provider/project_resource_sdk.go
  - examples/resources/vercel_project/resource.tf
  - examples/resources/vercel_team/import.sh
  - internal/provider/team_resource.go
  - internal/provider/team_resource_sdk.go
  - examples/resources/vercel_team/resource.tf
  - examples/resources/vercel_webhook/import.sh
  - internal/provider/webhook_resource.go
  - internal/provider/webhook_resource_sdk.go
  - examples/resources/vercel_webhook/resource.tf
  - internal/provider/deployment_data_source.go
  - internal/provider/deployment_data_source_sdk.go
  - examples/data-sources/vercel_deployment/data-source.tf
  - internal/provider/edgeconfig_data_source.go
  - internal/provider/edgeconfig_data_source_sdk.go
  - examples/data-sources/vercel_edge_config/data-source.tf
  - internal/provider/edgeconfigschema_data_source.go
  - internal/provider/edgeconfigschema_data_source_sdk.go
  - examples/data-sources/vercel_edge_config_schema/data-source.tf
  - internal/provider/team_data_source.go
  - internal/provider/team_data_source_sdk.go
  - examples/data-sources/vercel_team/data-source.tf
  - internal/provider/user_data_source.go
  - internal/provider/user_data_source_sdk.go
  - examples/data-sources/vercel_user/data-source.tf
  - internal/provider/webhook_data_source.go
  - internal/provider/webhook_data_source_sdk.go
  - examples/data-sources/vercel_webhook/data-source.tf
  - .gitattributes
