speakeasyVersion: 1.300.1
sources:
    my-source:
        sourceNamespace: my-source
        sourceRevisionDigest: sha256:efe0fd51ba62494f8cde03e36912d70bb6cd0f38bbe1728ad2f9dabb59558cda
        sourceBlobDigest: sha256:de923806cc8f4b060a593af74d943dadf02909438f071a747bf5540ade3503cf
        tags:
            - latest
targets:
    Vercel-Terraform:
        source: my-source
        sourceNamespace: my-source
        sourceRevisionDigest: sha256:efe0fd51ba62494f8cde03e36912d70bb6cd0f38bbe1728ad2f9dabb59558cda
        sourceBlobDigest: sha256:de923806cc8f4b060a593af74d943dadf02909438f071a747bf5540ade3503cf
        outLocation: C:\Users\Luke\Documents\GitHub\terraform-provider-vercel-og
workflow:
    workflowVersion: 1.0.0
    speakeasyVersion: latest
    sources:
        my-source:
            inputs:
                - location: ./vercel-api.yaml
            registry:
                location: registry.speakeasyapi.dev/lukehagar/lukehagar/my-source
    targets:
        Vercel-Terraform:
            target: terraform
            source: my-source
